
Microsoft Visual Studio Solution File, Format Version 12.00
# Visual Studio Version 17
VisualStudioVersion = 17.5.002.0
MinimumVisualStudioVersion = 10.0.40219.1
Project("{9A19103F-16F7-4668-BE54-9A1E7A4F7556}") = "FlightInformationApi.Test", "FlightInformationApi.Tests\FlightInformationApi.Tests.csproj", "{B13634A4-E365-4F32-9743-E1D8E5CF053A}"
EndProject
Project("{9A19103F-16F7-4668-BE54-9A1E7A4F7556}") = "FlightInformationApi", "FlightInformationApi\FlightInformationApi.csproj", "{10060A44-C9E5-467E-84A0-76D9AC408DCD}"
EndProject
Global
	GlobalSection(SolutionConfigurationPlatforms) = preSolution
		Debug|Any CPU = Debug|Any CPU
		Release|Any CPU = Release|Any CPU
	EndGlobalSection
	GlobalSection(ProjectConfigurationPlatforms) = postSolution
		{B13634A4-E365-4F32-9743-E1D8E5CF053A}.Debug|Any CPU.ActiveCfg = Debug|Any CPU
		{B13634A4-E365-4F32-9743-E1D8E5CF053A}.Debug|Any CPU.Build.0 = Debug|Any CPU
		{B13634A4-E365-4F32-9743-E1D8E5CF053A}.Release|Any CPU.ActiveCfg = Release|Any CPU
		{B13634A4-E365-4F32-9743-E1D8E5CF053A}.Release|Any CPU.Build.0 = Release|Any CPU
		{10060A44-C9E5-467E-84A0-76D9AC408DCD}.Debug|Any CPU.ActiveCfg = Debug|Any CPU
		{10060A44-C9E5-467E-84A0-76D9AC408DCD}.Debug|Any CPU.Build.0 = Debug|Any CPU
		{10060A44-C9E5-467E-84A0-76D9AC408DCD}.Release|Any CPU.ActiveCfg = Release|Any CPU
		{10060A44-C9E5-467E-84A0-76D9AC408DCD}.Release|Any CPU.Build.0 = Release|Any CPU
	EndGlobalSection
	GlobalSection(SolutionProperties) = preSolution
		HideSolutionNode = FALSE
	EndGlobalSection
	GlobalSection(ExtensibilityGlobals) = postSolution
		SolutionGuid = {D0D08BB6-99FD-4039-AD4C-6A80782E1831}
	EndGlobalSection
EndGlobal
